
Microsoft Visual Studio Solution File, Format Version 12.00
# Visual Studio Version 16
VisualStudioVersion = 16.0.29424.173
MinimumVisualStudioVersion = 15.0.26124.0
Project("{2150E333-8FDC-42A3-9474-1A3956D46DE8}") = "apps", "apps", "{9B5ACBBD-A342-4431-8246-28341F6EEF0D}"
EndProject
Project("{2150E333-8FDC-42A3-9474-1A3956D46DE8}") = "libs", "libs", "{9A5469F9-070B-45BE-A949-C5C71FCB1EEF}"
EndProject
Project("{9A19103F-16F7-4668-BE54-9A1E7A4F7556}") = "Turnip", "libs\Turnip\Turnip.csproj", "{482ABE0A-EBFB-4D8B-AE2B-1B78C3D67CD3}"
EndProject
Project("{9A19103F-16F7-4668-BE54-9A1E7A4F7556}") = "Turnip.Abstractions", "libs\Turnip.Abstractions\Turnip.Abstractions.csproj", "{3D23D960-4B77-4208-B0B4-49B7D50A417D}"
EndProject
Project("{9A19103F-16F7-4668-BE54-9A1E7A4F7556}") = "Turnip.Discord.Abstractions", "libs\Turnip.Discord.Abstractions\Turnip.Discord.Abstractions.csproj", "{9D84F2B3-9A94-4A32-A50E-82AA54097F90}"
EndProject
Project("{9A19103F-16F7-4668-BE54-9A1E7A4F7556}") = "Turnip.Discord", "libs\Turnip.Discord\Turnip.Discord.csproj", "{DC653702-1E44-4B84-AFEE-DAEBF393C8E2}"
EndProject
Project("{9A19103F-16F7-4668-BE54-9A1E7A4F7556}") = "Turnip.Schedule", "libs\Turnip.Schedule\Turnip.Schedule.csproj", "{0F13DFEC-CA6B-4C95-B010-60A1383A43A3}"
EndProject
Project("{9A19103F-16F7-4668-BE54-9A1E7A4F7556}") = "Turnip.Schedule.Abstractions", "libs\Turnip.Schedule.Abstractions\Turnip.Schedule.Abstractions.csproj", "{FDC90EF0-ED5B-49DB-AEBB-30DE510BD000}"
EndProject
Project("{9A19103F-16F7-4668-BE54-9A1E7A4F7556}") = "AIsyMae", "apps\AIsyMae\AIsyMae.csproj", "{6741B9AA-2C27-4523-B4A9-0407BABBFD47}"
EndProject
Global
	GlobalSection(SolutionConfigurationPlatforms) = preSolution
		Debug|Any CPU = Debug|Any CPU
		Debug|x64 = Debug|x64
		Debug|x86 = Debug|x86
		Release|Any CPU = Release|Any CPU
		Release|x64 = Release|x64
		Release|x86 = Release|x86
	EndGlobalSection
	GlobalSection(ProjectConfigurationPlatforms) = postSolution
		{482ABE0A-EBFB-4D8B-AE2B-1B78C3D67CD3}.Debug|Any CPU.ActiveCfg = Debug|Any CPU
		{482ABE0A-EBFB-4D8B-AE2B-1B78C3D67CD3}.Debug|Any CPU.Build.0 = Debug|Any CPU
		{482ABE0A-EBFB-4D8B-AE2B-1B78C3D67CD3}.Debug|x64.ActiveCfg = Debug|Any CPU
		{482ABE0A-EBFB-4D8B-AE2B-1B78C3D67CD3}.Debug|x64.Build.0 = Debug|Any CPU
		{482ABE0A-EBFB-4D8B-AE2B-1B78C3D67CD3}.Debug|x86.ActiveCfg = Debug|Any CPU
		{482ABE0A-EBFB-4D8B-AE2B-1B78C3D67CD3}.Debug|x86.Build.0 = Debug|Any CPU
		{482ABE0A-EBFB-4D8B-AE2B-1B78C3D67CD3}.Release|Any CPU.ActiveCfg = Release|Any CPU
		{482ABE0A-EBFB-4D8B-AE2B-1B78C3D67CD3}.Release|Any CPU.Build.0 = Release|Any CPU
		{482ABE0A-EBFB-4D8B-AE2B-1B78C3D67CD3}.Release|x64.ActiveCfg = Release|Any CPU
		{482ABE0A-EBFB-4D8B-AE2B-1B78C3D67CD3}.Release|x64.Build.0 = Release|Any CPU
		{482ABE0A-EBFB-4D8B-AE2B-1B78C3D67CD3}.Release|x86.ActiveCfg = Release|Any CPU
		{482ABE0A-EBFB-4D8B-AE2B-1B78C3D67CD3}.Release|x86.Build.0 = Release|Any CPU
		{3D23D960-4B77-4208-B0B4-49B7D50A417D}.Debug|Any CPU.ActiveCfg = Debug|Any CPU
		{3D23D960-4B77-4208-B0B4-49B7D50A417D}.Debug|Any CPU.Build.0 = Debug|Any CPU
		{3D23D960-4B77-4208-B0B4-49B7D50A417D}.Debug|x64.ActiveCfg = Debug|Any CPU
		{3D23D960-4B77-4208-B0B4-49B7D50A417D}.Debug|x64.Build.0 = Debug|Any CPU
		{3D23D960-4B77-4208-B0B4-49B7D50A417D}.Debug|x86.ActiveCfg = Debug|Any CPU
		{3D23D960-4B77-4208-B0B4-49B7D50A417D}.Debug|x86.Build.0 = Debug|Any CPU
		{3D23D960-4B77-4208-B0B4-49B7D50A417D}.Release|Any CPU.ActiveCfg = Release|Any CPU
		{3D23D960-4B77-4208-B0B4-49B7D50A417D}.Release|Any CPU.Build.0 = Release|Any CPU
		{3D23D960-4B77-4208-B0B4-49B7D50A417D}.Release|x64.ActiveCfg = Release|Any CPU
		{3D23D960-4B77-4208-B0B4-49B7D50A417D}.Release|x64.Build.0 = Release|Any CPU
		{3D23D960-4B77-4208-B0B4-49B7D50A417D}.Release|x86.ActiveCfg = Release|Any CPU
		{3D23D960-4B77-4208-B0B4-49B7D50A417D}.Release|x86.Build.0 = Release|Any CPU
		{9D84F2B3-9A94-4A32-A50E-82AA54097F90}.Debug|Any CPU.ActiveCfg = Debug|Any CPU
		{9D84F2B3-9A94-4A32-A50E-82AA54097F90}.Debug|Any CPU.Build.0 = Debug|Any CPU
		{9D84F2B3-9A94-4A32-A50E-82AA54097F90}.Debug|x64.ActiveCfg = Debug|Any CPU
		{9D84F2B3-9A94-4A32-A50E-82AA54097F90}.Debug|x64.Build.0 = Debug|Any CPU
		{9D84F2B3-9A94-4A32-A50E-82AA54097F90}.Debug|x86.ActiveCfg = Debug|Any CPU
		{9D84F2B3-9A94-4A32-A50E-82AA54097F90}.Debug|x86.Build.0 = Debug|Any CPU
		{9D84F2B3-9A94-4A32-A50E-82AA54097F90}.Release|Any CPU.ActiveCfg = Release|Any CPU
		{9D84F2B3-9A94-4A32-A50E-82AA54097F90}.Release|Any CPU.Build.0 = Release|Any CPU
		{9D84F2B3-9A94-4A32-A50E-82AA54097F90}.Release|x64.ActiveCfg = Release|Any CPU
		{9D84F2B3-9A94-4A32-A50E-82AA54097F90}.Release|x64.Build.0 = Release|Any CPU
		{9D84F2B3-9A94-4A32-A50E-82AA54097F90}.Release|x86.ActiveCfg = Release|Any CPU
		{9D84F2B3-9A94-4A32-A50E-82AA54097F90}.Release|x86.Build.0 = Release|Any CPU
		{DC653702-1E44-4B84-AFEE-DAEBF393C8E2}.Debug|Any CPU.ActiveCfg = Debug|Any CPU
		{DC653702-1E44-4B84-AFEE-DAEBF393C8E2}.Debug|Any CPU.Build.0 = Debug|Any CPU
		{DC653702-1E44-4B84-AFEE-DAEBF393C8E2}.Debug|x64.ActiveCfg = Debug|Any CPU
		{DC653702-1E44-4B84-AFEE-DAEBF393C8E2}.Debug|x64.Build.0 = Debug|Any CPU
		{DC653702-1E44-4B84-AFEE-DAEBF393C8E2}.Debug|x86.ActiveCfg = Debug|Any CPU
		{DC653702-1E44-4B84-AFEE-DAEBF393C8E2}.Debug|x86.Build.0 = Debug|Any CPU
		{DC653702-1E44-4B84-AFEE-DAEBF393C8E2}.Release|Any CPU.ActiveCfg = Release|Any CPU
		{DC653702-1E44-4B84-AFEE-DAEBF393C8E2}.Release|Any CPU.Build.0 = Release|Any CPU
		{DC653702-1E44-4B84-AFEE-DAEBF393C8E2}.Release|x64.ActiveCfg = Release|Any CPU
		{DC653702-1E44-4B84-AFEE-DAEBF393C8E2}.Release|x64.Build.0 = Release|Any CPU
		{DC653702-1E44-4B84-AFEE-DAEBF393C8E2}.Release|x86.ActiveCfg = Release|Any CPU
		{DC653702-1E44-4B84-AFEE-DAEBF393C8E2}.Release|x86.Build.0 = Release|Any CPU
		{0F13DFEC-CA6B-4C95-B010-60A1383A43A3}.Debug|Any CPU.ActiveCfg = Debug|Any CPU
		{0F13DFEC-CA6B-4C95-B010-60A1383A43A3}.Debug|Any CPU.Build.0 = Debug|Any CPU
		{0F13DFEC-CA6B-4C95-B010-60A1383A43A3}.Debug|x64.ActiveCfg = Debug|Any CPU
		{0F13DFEC-CA6B-4C95-B010-60A1383A43A3}.Debug|x64.Build.0 = Debug|Any CPU
		{0F13DFEC-CA6B-4C95-B010-60A1383A43A3}.Debug|x86.ActiveCfg = Debug|Any CPU
		{0F13DFEC-CA6B-4C95-B010-60A1383A43A3}.Debug|x86.Build.0 = Debug|Any CPU
		{0F13DFEC-CA6B-4C95-B010-60A1383A43A3}.Release|Any CPU.ActiveCfg = Release|Any CPU
		{0F13DFEC-CA6B-4C95-B010-60A1383A43A3}.Release|Any CPU.Build.0 = Release|Any CPU
		{0F13DFEC-CA6B-4C95-B010-60A1383A43A3}.Release|x64.ActiveCfg = Release|Any CPU
		{0F13DFEC-CA6B-4C95-B010-60A1383A43A3}.Release|x64.Build.0 = Release|Any CPU
		{0F13DFEC-CA6B-4C95-B010-60A1383A43A3}.Release|x86.ActiveCfg = Release|Any CPU
		{0F13DFEC-CA6B-4C95-B010-60A1383A43A3}.Release|x86.Build.0 = Release|Any CPU
		{FDC90EF0-ED5B-49DB-AEBB-30DE510BD000}.Debug|Any CPU.ActiveCfg = Debug|Any CPU
		{FDC90EF0-ED5B-49DB-AEBB-30DE510BD000}.Debug|Any CPU.Build.0 = Debug|Any CPU
		{FDC90EF0-ED5B-49DB-AEBB-30DE510BD000}.Debug|x64.ActiveCfg = Debug|Any CPU
		{FDC90EF0-ED5B-49DB-AEBB-30DE510BD000}.Debug|x64.Build.0 = Debug|Any CPU
		{FDC90EF0-ED5B-49DB-AEBB-30DE510BD000}.Debug|x86.ActiveCfg = Debug|Any CPU
		{FDC90EF0-ED5B-49DB-AEBB-30DE510BD000}.Debug|x86.Build.0 = Debug|Any CPU
		{FDC90EF0-ED5B-49DB-AEBB-30DE510BD000}.Release|Any CPU.ActiveCfg = Release|Any CPU
		{FDC90EF0-ED5B-49DB-AEBB-30DE510BD000}.Release|Any CPU.Build.0 = Release|Any CPU
		{FDC90EF0-ED5B-49DB-AEBB-30DE510BD000}.Release|x64.ActiveCfg = Release|Any CPU
		{FDC90EF0-ED5B-49DB-AEBB-30DE510BD000}.Release|x64.Build.0 = Release|Any CPU
		{FDC90EF0-ED5B-49DB-AEBB-30DE510BD000}.Release|x86.ActiveCfg = Release|Any CPU
		{FDC90EF0-ED5B-49DB-AEBB-30DE510BD000}.Release|x86.Build.0 = Release|Any CPU
		{6741B9AA-2C27-4523-B4A9-0407BABBFD47}.Debug|Any CPU.ActiveCfg = Debug|Any CPU
		{6741B9AA-2C27-4523-B4A9-0407BABBFD47}.Debug|Any CPU.Build.0 = Debug|Any CPU
		{6741B9AA-2C27-4523-B4A9-0407BABBFD47}.Debug|x64.ActiveCfg = Debug|Any CPU
		{6741B9AA-2C27-4523-B4A9-0407BABBFD47}.Debug|x64.Build.0 = Debug|Any CPU
		{6741B9AA-2C27-4523-B4A9-0407BABBFD47}.Debug|x86.ActiveCfg = Debug|Any CPU
		{6741B9AA-2C27-4523-B4A9-0407BABBFD47}.Debug|x86.Build.0 = Debug|Any CPU
		{6741B9AA-2C27-4523-B4A9-0407BABBFD47}.Release|Any CPU.ActiveCfg = Release|Any CPU
		{6741B9AA-2C27-4523-B4A9-0407BABBFD47}.Release|Any CPU.Build.0 = Release|Any CPU
		{6741B9AA-2C27-4523-B4A9-0407BABBFD47}.Release|x64.ActiveCfg = Release|Any CPU
		{6741B9AA-2C27-4523-B4A9-0407BABBFD47}.Release|x64.Build.0 = Release|Any CPU
		{6741B9AA-2C27-4523-B4A9-0407BABBFD47}.Release|x86.ActiveCfg = Release|Any CPU
		{6741B9AA-2C27-4523-B4A9-0407BABBFD47}.Release|x86.Build.0 = Release|Any CPU
	EndGlobalSection
	GlobalSection(SolutionProperties) = preSolution
		HideSolutionNode = FALSE
	EndGlobalSection
	GlobalSection(NestedProjects) = preSolution
		{482ABE0A-EBFB-4D8B-AE2B-1B78C3D67CD3} = {9A5469F9-070B-45BE-A949-C5C71FCB1EEF}
		{3D23D960-4B77-4208-B0B4-49B7D50A417D} = {9A5469F9-070B-45BE-A949-C5C71FCB1EEF}
		{9D84F2B3-9A94-4A32-A50E-82AA54097F90} = {9A5469F9-070B-45BE-A949-C5C71FCB1EEF}
		{DC653702-1E44-4B84-AFEE-DAEBF393C8E2} = {9A5469F9-070B-45BE-A949-C5C71FCB1EEF}
		{0F13DFEC-CA6B-4C95-B010-60A1383A43A3} = {9A5469F9-070B-45BE-A949-C5C71FCB1EEF}
		{FDC90EF0-ED5B-49DB-AEBB-30DE510BD000} = {9A5469F9-070B-45BE-A949-C5C71FCB1EEF}
		{6741B9AA-2C27-4523-B4A9-0407BABBFD47} = {9B5ACBBD-A342-4431-8246-28341F6EEF0D}
	EndGlobalSection
	GlobalSection(ExtensibilityGlobals) = postSolution
		SolutionGuid = {FB8D5275-4E93-4773-831B-BD08EDD61536}
	EndGlobalSection
EndGlobal
